
Microsoft Visual Studio Solution File, Format Version 12.00
# Visual Studio Version 17
VisualStudioVersion = 17.9.34616.47
MinimumVisualStudioVersion = 10.0.40219.1
Project("{FAE04EC0-301F-11D3-BF4B-00C04F79EFBC}") = "Sortiranje_vozila", "Sortiranje_vozila\Sortiranje_vozila.csproj", "{4CAE522E-17B1-4ACD-902F-6EEF78905280}"
EndProject
Global
	GlobalSection(SolutionConfigurationPlatforms) = preSolution
		Debug|Any CPU = Debug|Any CPU
		Release|Any CPU = Release|Any CPU
	EndGlobalSection
	GlobalSection(ProjectConfigurationPlatforms) = postSolution
		{4CAE522E-17B1-4ACD-902F-6EEF78905280}.Debug|Any CPU.ActiveCfg = Debug|Any CPU
		{4CAE522E-17B1-4ACD-902F-6EEF78905280}.Debug|Any CPU.Build.0 = Debug|Any CPU
		{4CAE522E-17B1-4ACD-902F-6EEF78905280}.Release|Any CPU.ActiveCfg = Release|Any CPU
		{4CAE522E-17B1-4ACD-902F-6EEF78905280}.Release|Any CPU.Build.0 = Release|Any CPU
	EndGlobalSection
	GlobalSection(SolutionProperties) = preSolution
		HideSolutionNode = FALSE
	EndGlobalSection
	GlobalSection(ExtensibilityGlobals) = postSolution
		SolutionGuid = {C253EF7C-9B04-4149-A726-1AEB1EFED0E3}
	EndGlobalSection
EndGlobal
